// !$*UTF8*$!
{
	archiveVersion = 1;
	classes = {
	};
	objectVersion = 50;
	objects = {

/* Begin PBXBuildFile section */
		DE1AC6CF22FC43F7005C3401 /* AppDelegate.swift in Sources */ = {isa = PBXBuildFile; fileRef = DE1AC6CE22FC43F7005C3401 /* AppDelegate.swift */; };
		DE1AC6D122FC43F7005C3401 /* ViewController.swift in Sources */ = {isa = PBXBuildFile; fileRef = DE1AC6D022FC43F7005C3401 /* ViewController.swift */; };
		DE1AC6D422FC43F7005C3401 /* Main.storyboard in Resources */ = {isa = PBXBuildFile; fileRef = DE1AC6D222FC43F7005C3401 /* Main.storyboard */; };
		DE1AC6D622FC43F8005C3401 /* Assets.xcassets in Resources */ = {isa = PBXBuildFile; fileRef = DE1AC6D522FC43F8005C3401 /* Assets.xcassets */; };
		DE1AC6D922FC43F8005C3401 /* LaunchScreen.storyboard in Resources */ = {isa = PBXBuildFile; fileRef = DE1AC6D722FC43F8005C3401 /* LaunchScreen.storyboard */; };
		DE1AC6FB22FC456E005C3401 /* LazyLoader.swift in Sources */ = {isa = PBXBuildFile; fileRef = DE1AC6FA22FC456E005C3401 /* LazyLoader.swift */; };
		DE65962722FC60B600AD368C /* NonRandomFramework.framework in CopyFiles */ = {isa = PBXBuildFile; fileRef = DE1AC71722FC5E7A005C3401 /* NonRandomFramework.framework */; settings = {ATTRIBUTES = (CodeSignOnCopy, RemoveHeadersOnCopy, ); }; };
		DE65962822FC60B600AD368C /* RandomFramework.framework in CopyFiles */ = {isa = PBXBuildFile; fileRef = DE1AC71622FC5E7A005C3401 /* RandomFramework.framework */; settings = {ATTRIBUTES = (CodeSignOnCopy, RemoveHeadersOnCopy, ); }; };
		DE65962A22FC68AF00AD368C /* PseudoDependencyFramework.framework in CopyFiles */ = {isa = PBXBuildFile; fileRef = DE1AC71822FC5EC6005C3401 /* PseudoDependencyFramework.framework */; settings = {ATTRIBUTES = (CodeSignOnCopy, RemoveHeadersOnCopy, ); }; };
/* End PBXBuildFile section */

/* Begin PBXCopyFilesBuildPhase section */
		DE65962622FC60B000AD368C /* CopyFiles */ = {
			isa = PBXCopyFilesBuildPhase;
			buildActionMask = 2147483647;
			dstPath = "";
			dstSubfolderSpec = 10;
			files = (
				DE65962A22FC68AF00AD368C /* PseudoDependencyFramework.framework in CopyFiles */,
				DE65962722FC60B600AD368C /* NonRandomFramework.framework in CopyFiles */,
				DE65962822FC60B600AD368C /* RandomFramework.framework in CopyFiles */,
			);
			runOnlyForDeploymentPostprocessing = 0;
		};
/* End PBXCopyFilesBuildPhase section */

/* Begin PBXFileReference section */
		DE1AC6CB22FC43F7005C3401 /* HostApplication.app */ = {isa = PBXFileReference; explicitFileType = wrapper.application; includeInIndex = 0; path = HostApplication.app; sourceTree = BUILT_PRODUCTS_DIR; };
		DE1AC6CE22FC43F7005C3401 /* AppDelegate.swift */ = {isa = PBXFileReference; lastKnownFileType = sourcecode.swift; path = AppDelegate.swift; sourceTree = "<group>"; };
		DE1AC6D022FC43F7005C3401 /* ViewController.swift */ = {isa = PBXFileReference; lastKnownFileType = sourcecode.swift; path = ViewController.swift; sourceTree = "<group>"; };
		DE1AC6D322FC43F7005C3401 /* Base */ = {isa = PBXFileReference; lastKnownFileType = file.storyboard; name = Base; path = Base.lproj/Main.storyboard; sourceTree = "<group>"; };
		DE1AC6D522FC43F8005C3401 /* Assets.xcassets */ = {isa = PBXFileReference; lastKnownFileType = folder.assetcatalog; path = Assets.xcassets; sourceTree = "<group>"; };
		DE1AC6D822FC43F8005C3401 /* Base */ = {isa = PBXFileReference; lastKnownFileType = file.storyboard; name = Base; path = Base.lproj/LaunchScreen.storyboard; sourceTree = "<group>"; };
		DE1AC6DA22FC43F8005C3401 /* Info.plist */ = {isa = PBXFileReference; lastKnownFileType = text.plist.xml; path = Info.plist; sourceTree = "<group>"; };
		DE1AC6FA22FC456E005C3401 /* LazyLoader.swift */ = {isa = PBXFileReference; lastKnownFileType = sourcecode.swift; path = LazyLoader.swift; sourceTree = "<group>"; };
		DE1AC6FE22FC579C005C3401 /* PrintableProtocolFramework.framework */ = {isa = PBXFileReference; lastKnownFileType = wrapper.framework; path = PrintableProtocolFramework.framework; sourceTree = "<group>"; };
		DE1AC71622FC5E7A005C3401 /* RandomFramework.framework */ = {isa = PBXFileReference; lastKnownFileType = wrapper.framework; path = RandomFramework.framework; sourceTree = "<group>"; };
		DE1AC71722FC5E7A005C3401 /* NonRandomFramework.framework */ = {isa = PBXFileReference; lastKnownFileType = wrapper.framework; path = NonRandomFramework.framework; sourceTree = "<group>"; };
		DE1AC71822FC5EC6005C3401 /* PseudoDependencyFramework.framework */ = {isa = PBXFileReference; lastKnownFileType = wrapper.framework; path = PseudoDependencyFramework.framework; sourceTree = "<group>"; };
/* End PBXFileReference section */

/* Begin PBXFrameworksBuildPhase section */
		DE1AC6C822FC43F7005C3401 /* Frameworks */ = {
			isa = PBXFrameworksBuildPhase;
			buildActionMask = 2147483647;
			files = (
			);
			runOnlyForDeploymentPostprocessing = 0;
		};
/* End PBXFrameworksBuildPhase section */

/* Begin PBXGroup section */
		DE1AC6C222FC43F7005C3401 = {
			isa = PBXGroup;
			children = (
				DE1AC6F322FC44F8005C3401 /* Dependency */,
				DE1AC6F022FC44DD005C3401 /* Lazy Frameworks */,
				DE1AC6CD22FC43F7005C3401 /* HostApplication */,
				DE1AC6CC22FC43F7005C3401 /* Products */,
			);
			sourceTree = "<group>";
		};
		DE1AC6CC22FC43F7005C3401 /* Products */ = {
			isa = PBXGroup;
			children = (
				DE1AC6CB22FC43F7005C3401 /* HostApplication.app */,
			);
			name = Products;
			sourceTree = "<group>";
		};
		DE1AC6CD22FC43F7005C3401 /* HostApplication */ = {
			isa = PBXGroup;
			children = (
				DE1AC6F922FC4564005C3401 /* Runtime */,
				DE1AC6CE22FC43F7005C3401 /* AppDelegate.swift */,
				DE1AC6D022FC43F7005C3401 /* ViewController.swift */,
				DE1AC6D222FC43F7005C3401 /* Main.storyboard */,
				DE1AC6D522FC43F8005C3401 /* Assets.xcassets */,
				DE1AC6D722FC43F8005C3401 /* LaunchScreen.storyboard */,
				DE1AC6DA22FC43F8005C3401 /* Info.plist */,
			);
			path = HostApplication;
			sourceTree = "<group>";
		};
		DE1AC6F022FC44DD005C3401 /* Lazy Frameworks */ = {
			isa = PBXGroup;
			children = (
				DE1AC71822FC5EC6005C3401 /* PseudoDependencyFramework.framework */,
				DE1AC71722FC5E7A005C3401 /* NonRandomFramework.framework */,
				DE1AC71622FC5E7A005C3401 /* RandomFramework.framework */,
			);
			path = "Lazy Frameworks";
			sourceTree = "<group>";
		};
		DE1AC6F322FC44F8005C3401 /* Dependency */ = {
			isa = PBXGroup;
			children = (
				DE1AC6FE22FC579C005C3401 /* PrintableProtocolFramework.framework */,
			);
			path = Dependency;
			sourceTree = "<group>";
		};
		DE1AC6F922FC4564005C3401 /* Runtime */ = {
			isa = PBXGroup;
			children = (
				DE1AC6FA22FC456E005C3401 /* LazyLoader.swift */,
			);
			path = Runtime;
			sourceTree = "<group>";
		};
/* End PBXGroup section */

/* Begin PBXNativeTarget section */
		DE1AC6CA22FC43F7005C3401 /* HostApplication */ = {
			isa = PBXNativeTarget;
			buildConfigurationList = DE1AC6DD22FC43F8005C3401 /* Build configuration list for PBXNativeTarget "HostApplication" */;
			buildPhases = (
				DE1AC6C722FC43F7005C3401 /* Sources */,
				DE1AC6C822FC43F7005C3401 /* Frameworks */,
				DE1AC6C922FC43F7005C3401 /* Resources */,
				DE65962622FC60B000AD368C /* CopyFiles */,
			);
			buildRules = (
			);
			dependencies = (
			);
			name = HostApplication;
			productName = HostApplication;
			productReference = DE1AC6CB22FC43F7005C3401 /* HostApplication.app */;
			productType = "com.apple.product-type.application";
		};
/* End PBXNativeTarget section */

/* Begin PBXProject section */
		DE1AC6C322FC43F7005C3401 /* Project object */ = {
			isa = PBXProject;
			attributes = {
				LastSwiftUpdateCheck = 1010;
				LastUpgradeCheck = 1010;
				ORGANIZATIONNAME = Badoo;
				TargetAttributes = {
					DE1AC6CA22FC43F7005C3401 = {
						CreatedOnToolsVersion = 10.1;
					};
				};
			};
			buildConfigurationList = DE1AC6C622FC43F7005C3401 /* Build configuration list for PBXProject "HostApplication" */;
			compatibilityVersion = "Xcode 9.3";
			developmentRegion = en;
			hasScannedForEncodings = 0;
			knownRegions = (
				en,
				Base,
			);
			mainGroup = DE1AC6C222FC43F7005C3401;
			productRefGroup = DE1AC6CC22FC43F7005C3401 /* Products */;
			projectDirPath = "";
			projectRoot = "";
			targets = (
				DE1AC6CA22FC43F7005C3401 /* HostApplication */,
			);
		};
/* End PBXProject section */

/* Begin PBXResourcesBuildPhase section */
		DE1AC6C922FC43F7005C3401 /* Resources */ = {
			isa = PBXResourcesBuildPhase;
			buildActionMask = 2147483647;
			files = (
				DE1AC6D922FC43F8005C3401 /* LaunchScreen.storyboard in Resources */,
				DE1AC6D622FC43F8005C3401 /* Assets.xcassets in Resources */,
				DE1AC6D422FC43F7005C3401 /* Main.storyboard in Resources */,
			);
			runOnlyForDeploymentPostprocessing = 0;
		};
/* End PBXResourcesBuildPhase section */

/* Begin PBXSourcesBuildPhase section */
		DE1AC6C722FC43F7005C3401 /* Sources */ = {
			isa = PBXSourcesBuildPhase;
			buildActionMask = 2147483647;
			files = (
				DE1AC6FB22FC456E005C3401 /* LazyLoader.swift in Sources */,
				DE1AC6D122FC43F7005C3401 /* ViewController.swift in Sources */,
				DE1AC6CF22FC43F7005C3401 /* AppDelegate.swift in Sources */,
			);
			runOnlyForDeploymentPostprocessing = 0;
		};
/* End PBXSourcesBuildPhase section */

/* Begin PBXVariantGroup section */
		DE1AC6D222FC43F7005C3401 /* Main.storyboard */ = {
			isa = PBXVariantGroup;
			children = (
				DE1AC6D322FC43F7005C3401 /* Base */,
			);
			name = Main.storyboard;
			sourceTree = "<group>";
		};
		DE1AC6D722FC43F8005C3401 /* LaunchScreen.storyboard */ = {
			isa = PBXVariantGroup;
			children = (
				DE1AC6D822FC43F8005C3401 /* Base */,
			);
			name = LaunchScreen.storyboard;
			sourceTree = "<group>";
		};
/* End PBXVariantGroup section */

/* Begin XCBuildConfiguration section */
		DE1AC6DB22FC43F8005C3401 /* Debug */ = {
			isa = XCBuildConfiguration;
			buildSettings = {
				ALWAYS_SEARCH_USER_PATHS = NO;
				CLANG_ANALYZER_NONNULL = YES;
				CLANG_ANALYZER_NUMBER_OBJECT_CONVERSION = YES_AGGRESSIVE;
				CLANG_CXX_LANGUAGE_STANDARD = "gnu++14";
				CLANG_CXX_LIBRARY = "libc++";
				CLANG_ENABLE_MODULES = YES;
				CLANG_ENABLE_OBJC_ARC = YES;
				CLANG_ENABLE_OBJC_WEAK = YES;
				CLANG_WARN_BLOCK_CAPTURE_AUTORELEASING = YES;
				CLANG_WARN_BOOL_CONVERSION = YES;
				CLANG_WARN_COMMA = YES;
				CLANG_WARN_CONSTANT_CONVERSION = YES;
				CLANG_WARN_DEPRECATED_OBJC_IMPLEMENTATIONS = YES;
				CLANG_WARN_DIRECT_OBJC_ISA_USAGE = YES_ERROR;
				CLANG_WARN_DOCUMENTATION_COMMENTS = YES;
				CLANG_WARN_EMPTY_BODY = YES;
				CLANG_WARN_ENUM_CONVERSION = YES;
				CLANG_WARN_INFINITE_RECURSION = YES;
				CLANG_WARN_INT_CONVERSION = YES;
				CLANG_WARN_NON_LITERAL_NULL_CONVERSION = YES;
				CLANG_WARN_OBJC_IMPLICIT_RETAIN_SELF = YES;
				CLANG_WARN_OBJC_LITERAL_CONVERSION = YES;
				CLANG_WARN_OBJC_ROOT_CLASS = YES_ERROR;
				CLANG_WARN_RANGE_LOOP_ANALYSIS = YES;
				CLANG_WARN_STRICT_PROTOTYPES = YES;
				CLANG_WARN_SUSPICIOUS_MOVE = YES;
				CLANG_WARN_UNGUARDED_AVAILABILITY = YES_AGGRESSIVE;
				CLANG_WARN_UNREACHABLE_CODE = YES;
				CLANG_WARN__DUPLICATE_METHOD_MATCH = YES;
				CODE_SIGN_IDENTITY = "iPhone Developer";
				COPY_PHASE_STRIP = NO;
				DEBUG_INFORMATION_FORMAT = dwarf;
				ENABLE_STRICT_OBJC_MSGSEND = YES;
				ENABLE_TESTABILITY = YES;
				GCC_C_LANGUAGE_STANDARD = gnu11;
				GCC_DYNAMIC_NO_PIC = NO;
				GCC_NO_COMMON_BLOCKS = YES;
				GCC_OPTIMIZATION_LEVEL = 0;
				GCC_PREPROCESSOR_DEFINITIONS = (
					"DEBUG=1",
					"$(inherited)",
				);
				GCC_WARN_64_TO_32_BIT_CONVERSION = YES;
				GCC_WARN_ABOUT_RETURN_TYPE = YES_ERROR;
				GCC_WARN_UNDECLARED_SELECTOR = YES;
				GCC_WARN_UNINITIALIZED_AUTOS = YES_AGGRESSIVE;
				GCC_WARN_UNUSED_FUNCTION = YES;
				GCC_WARN_UNUSED_VARIABLE = YES;
				IPHONEOS_DEPLOYMENT_TARGET = 12.1;
				MTL_ENABLE_DEBUG_INFO = INCLUDE_SOURCE;
				MTL_FAST_MATH = YES;
				ONLY_ACTIVE_ARCH = YES;
				SDKROOT = iphoneos;
				SWIFT_ACTIVE_COMPILATION_CONDITIONS = DEBUG;
				SWIFT_OPTIMIZATION_LEVEL = "-Onone";
			};
			name = Debug;
		};
		DE1AC6DC22FC43F8005C3401 /* Release */ = {
			isa = XCBuildConfiguration;
			buildSettings = {
				ALWAYS_SEARCH_USER_PATHS = NO;
				CLANG_ANALYZER_NONNULL = YES;
				CLANG_ANALYZER_NUMBER_OBJECT_CONVERSION = YES_AGGRESSIVE;
				CLANG_CXX_LANGUAGE_STANDARD = "gnu++14";
				CLANG_CXX_LIBRARY = "libc++";
				CLANG_ENABLE_MODULES = YES;
				CLANG_ENABLE_OBJC_ARC = YES;
				CLANG_ENABLE_OBJC_WEAK = YES;
				CLANG_WARN_BLOCK_CAPTURE_AUTORELEASING = YES;
				CLANG_WARN_BOOL_CONVERSION = YES;
				CLANG_WARN_COMMA = YES;
				CLANG_WARN_CONSTANT_CONVERSION = YES;
				CLANG_WARN_DEPRECATED_OBJC_IMPLEMENTATIONS = YES;
				CLANG_WARN_DIRECT_OBJC_ISA_USAGE = YES_ERROR;
				CLANG_WARN_DOCUMENTATION_COMMENTS = YES;
				CLANG_WARN_EMPTY_BODY = YES;
				CLANG_WARN_ENUM_CONVERSION = YES;
				CLANG_WARN_INFINITE_RECURSION = YES;
				CLANG_WARN_INT_CONVERSION = YES;
				CLANG_WARN_NON_LITERAL_NULL_CONVERSION = YES;
				CLANG_WARN_OBJC_IMPLICIT_RETAIN_SELF = YES;
				CLANG_WARN_OBJC_LITERAL_CONVERSION = YES;
				CLANG_WARN_OBJC_ROOT_CLASS = YES_ERROR;
				CLANG_WARN_RANGE_LOOP_ANALYSIS = YES;
				CLANG_WARN_STRICT_PROTOTYPES = YES;
				CLANG_WARN_SUSPICIOUS_MOVE = YES;
				CLANG_WARN_UNGUARDED_AVAILABILITY = YES_AGGRESSIVE;
				CLANG_WARN_UNREACHABLE_CODE = YES;
				CLANG_WARN__DUPLICATE_METHOD_MATCH = YES;
				CODE_SIGN_IDENTITY = "iPhone Developer";
				COPY_PHASE_STRIP = NO;
				DEBUG_INFORMATION_FORMAT = "dwarf-with-dsym";
				ENABLE_NS_ASSERTIONS = NO;
				ENABLE_STRICT_OBJC_MSGSEND = YES;
				GCC_C_LANGUAGE_STANDARD = gnu11;
				GCC_NO_COMMON_BLOCKS = YES;
				GCC_WARN_64_TO_32_BIT_CONVERSION = YES;
				GCC_WARN_ABOUT_RETURN_TYPE = YES_ERROR;
				GCC_WARN_UNDECLARED_SELECTOR = YES;
				GCC_WARN_UNINITIALIZED_AUTOS = YES_AGGRESSIVE;
				GCC_WARN_UNUSED_FUNCTION = YES;
				GCC_WARN_UNUSED_VARIABLE = YES;
				IPHONEOS_DEPLOYMENT_TARGET = 12.1;
				MTL_ENABLE_DEBUG_INFO = NO;
				MTL_FAST_MATH = YES;
				SDKROOT = iphoneos;
				SWIFT_COMPILATION_MODE = wholemodule;
				SWIFT_OPTIMIZATION_LEVEL = "-O";
				VALIDATE_PRODUCT = YES;
			};
			name = Release;
		};
		DE1AC6DE22FC43F8005C3401 /* Debug */ = {
			isa = XCBuildConfiguration;
			buildSettings = {
				ASSETCATALOG_COMPILER_APPICON_NAME = AppIcon;
				CLANG_MODULES_AUTOLINK = NO;
				CODE_SIGN_STYLE = Automatic;
				DEVELOPMENT_TEAM = 5L3X3WX4YT;
				ENABLE_BITCODE = NO;
				FRAMEWORK_SEARCH_PATHS = (
					"$(inherited)",
					"$(PROJECT_DIR)/Dependency",
					"$(PROJECT_DIR)/Lazy\\ Frameworks",
				);
				INFOPLIST_FILE = HostApplication/Info.plist;
				LD_RUNPATH_SEARCH_PATHS = (
					"$(inherited)",
					"@executable_path/Frameworks",
				);
				PRODUCT_BUNDLE_IDENTIFIER = having.fun.HostApplication;
				PRODUCT_NAME = "$(TARGET_NAME)";
				SWIFT_VERSION = 4.2;
				TARGETED_DEVICE_FAMILY = "1,2";
			};
			name = Debug;
		};
		DE1AC6DF22FC43F8005C3401 /* Release */ = {
			isa = XCBuildConfiguration;
			buildSettings = {
				ASSETCATALOG_COMPILER_APPICON_NAME = AppIcon;
				CLANG_MODULES_AUTOLINK = NO;
				CODE_SIGN_STYLE = Automatic;
				DEVELOPMENT_TEAM = 5L3X3WX4YT;
				ENABLE_BITCODE = NO;
				FRAMEWORK_SEARCH_PATHS = (
					"$(inherited)",
					"$(PROJECT_DIR)/Dependency",
					"$(PROJECT_DIR)/Lazy\\ Frameworks",
				);
				INFOPLIST_FILE = HostApplication/Info.plist;
				LD_RUNPATH_SEARCH_PATHS = (
					"$(inherited)",
					"@executable_path/Frameworks",
				);
				PRODUCT_BUNDLE_IDENTIFIER = having.fun.HostApplication;
				PRODUCT_NAME = "$(TARGET_NAME)";
				SWIFT_VERSION = 4.2;
				TARGETED_DEVICE_FAMILY = "1,2";
			};
			name = Release;
		};
/* End XCBuildConfiguration section */

/* Begin XCConfigurationList section */
		DE1AC6C622FC43F7005C3401 /* Build configuration list for PBXProject "HostApplication" */ = {
			isa = XCConfigurationList;
			buildConfigurations = (
				DE1AC6DB22FC43F8005C3401 /* Debug */,
				DE1AC6DC22FC43F8005C3401 /* Release */,
			);
			defaultConfigurationIsVisible = 0;
			defaultConfigurationName = Release;
		};
		DE1AC6DD22FC43F8005C3401 /* Build configuration list for PBXNativeTarget "HostApplication" */ = {
			isa = XCConfigurationList;
			buildConfigurations = (
				DE1AC6DE22FC43F8005C3401 /* Debug */,
				DE1AC6DF22FC43F8005C3401 /* Release */,
			);
			defaultConfigurationIsVisible = 0;
			defaultConfigurationName = Release;
		};
/* End XCConfigurationList section */
	};
	rootObject = DE1AC6C322FC43F7005C3401 /* Project object */;
}
